// !$*UTF8*$!
{
	archiveVersion = 1;
	classes = {
	};
	objectVersion = 46;
	objects = {

/* Begin PBXBuildFile section */
		483B53C61978D8BE00D615AC /* AppDelegate.swift in Sources */ = {isa = PBXBuildFile; fileRef = 483B53C51978D8BE00D615AC /* AppDelegate.swift */; };
		483B53C81978D8BE00D615AC /* ViewController.swift in Sources */ = {isa = PBXBuildFile; fileRef = 483B53C71978D8BE00D615AC /* ViewController.swift */; };
		483B53CB1978D8BE00D615AC /* Main.storyboard in Resources */ = {isa = PBXBuildFile; fileRef = 483B53C91978D8BE00D615AC /* Main.storyboard */; };
		483B53CD1978D8BE00D615AC /* Images.xcassets in Resources */ = {isa = PBXBuildFile; fileRef = 483B53CC1978D8BE00D615AC /* Images.xcassets */; };
		483B53D91978D8BE00D615AC /* JKTCustomShapedButton_SWIFTTests.swift in Sources */ = {isa = PBXBuildFile; fileRef = 483B53D81978D8BE00D615AC /* JKTCustomShapedButton_SWIFTTests.swift */; };
		483B53E31978D8F100D615AC /* image.png in Resources */ = {isa = PBXBuildFile; fileRef = 483B53E21978D8F100D615AC /* image.png */; };
		483B53E51978DA5100D615AC /* JKTCustomShapedButtonSwift.swift in Sources */ = {isa = PBXBuildFile; fileRef = 483B53E41978DA5100D615AC /* JKTCustomShapedButtonSwift.swift */; };
		484F26051979027A0057DD37 /* UIImage+AlphaCheck.swift in Sources */ = {isa = PBXBuildFile; fileRef = 484F26041979027A0057DD37 /* UIImage+AlphaCheck.swift */; };
/* End PBXBuildFile section */

/* Begin PBXContainerItemProxy section */
		483B53D31978D8BE00D615AC /* PBXContainerItemProxy */ = {
			isa = PBXContainerItemProxy;
			containerPortal = 483B53B81978D8BE00D615AC /* Project object */;
			proxyType = 1;
			remoteGlobalIDString = 483B53BF1978D8BE00D615AC;
			remoteInfo = "JKTCustomShapedButton-SWIFT";
		};
/* End PBXContainerItemProxy section */

/* Begin PBXFileReference section */
		483B53C01978D8BE00D615AC /* JKTCustomShapedButton-SWIFT.app */ = {isa = PBXFileReference; explicitFileType = wrapper.application; includeInIndex = 0; path = "JKTCustomShapedButton-SWIFT.app"; sourceTree = BUILT_PRODUCTS_DIR; };
		483B53C41978D8BE00D615AC /* Info.plist */ = {isa = PBXFileReference; lastKnownFileType = text.plist.xml; path = Info.plist; sourceTree = "<group>"; };
		483B53C51978D8BE00D615AC /* AppDelegate.swift */ = {isa = PBXFileReference; lastKnownFileType = sourcecode.swift; path = AppDelegate.swift; sourceTree = "<group>"; };
		483B53C71978D8BE00D615AC /* ViewController.swift */ = {isa = PBXFileReference; lastKnownFileType = sourcecode.swift; path = ViewController.swift; sourceTree = "<group>"; };
		483B53CA1978D8BE00D615AC /* Base */ = {isa = PBXFileReference; lastKnownFileType = file.storyboard; name = Base; path = Base.lproj/Main.storyboard; sourceTree = "<group>"; };
		483B53CC1978D8BE00D615AC /* Images.xcassets */ = {isa = PBXFileReference; lastKnownFileType = folder.assetcatalog; path = Images.xcassets; sourceTree = "<group>"; };
		483B53D21978D8BE00D615AC /* JKTCustomShapedButton-SWIFTTests.xctest */ = {isa = PBXFileReference; explicitFileType = wrapper.cfbundle; includeInIndex = 0; path = "JKTCustomShapedButton-SWIFTTests.xctest"; sourceTree = BUILT_PRODUCTS_DIR; };
		483B53D71978D8BE00D615AC /* Info.plist */ = {isa = PBXFileReference; lastKnownFileType = text.plist.xml; path = Info.plist; sourceTree = "<group>"; };
		483B53D81978D8BE00D615AC /* JKTCustomShapedButton_SWIFTTests.swift */ = {isa = PBXFileReference; lastKnownFileType = sourcecode.swift; path = JKTCustomShapedButton_SWIFTTests.swift; sourceTree = "<group>"; };
		483B53E21978D8F100D615AC /* image.png */ = {isa = PBXFileReference; lastKnownFileType = image.png; path = image.png; sourceTree = "<group>"; };
		483B53E41978DA5100D615AC /* JKTCustomShapedButtonSwift.swift */ = {isa = PBXFileReference; fileEncoding = 4; lastKnownFileType = sourcecode.swift; path = JKTCustomShapedButtonSwift.swift; sourceTree = "<group>"; };
		484F26041979027A0057DD37 /* UIImage+AlphaCheck.swift */ = {isa = PBXFileReference; fileEncoding = 4; lastKnownFileType = sourcecode.swift; path = "UIImage+AlphaCheck.swift"; sourceTree = "<group>"; };
/* End PBXFileReference section */

/* Begin PBXFrameworksBuildPhase section */
		483B53BD1978D8BE00D615AC /* Frameworks */ = {
			isa = PBXFrameworksBuildPhase;
			buildActionMask = 2147483647;
			files = (
			);
			runOnlyForDeploymentPostprocessing = 0;
		};
		483B53CF1978D8BE00D615AC /* Frameworks */ = {
			isa = PBXFrameworksBuildPhase;
			buildActionMask = 2147483647;
			files = (
			);
			runOnlyForDeploymentPostprocessing = 0;
		};
/* End PBXFrameworksBuildPhase section */

/* Begin PBXGroup section */
		483B53B71978D8BE00D615AC = {
			isa = PBXGroup;
			children = (
				483B53C21978D8BE00D615AC /* JKTCustomShapedButton-SWIFT */,
				483B53D51978D8BE00D615AC /* JKTCustomShapedButton-SWIFTTests */,
				483B53C11978D8BE00D615AC /* Products */,
			);
			sourceTree = "<group>";
		};
		483B53C11978D8BE00D615AC /* Products */ = {
			isa = PBXGroup;
			children = (
				483B53C01978D8BE00D615AC /* JKTCustomShapedButton-SWIFT.app */,
				483B53D21978D8BE00D615AC /* JKTCustomShapedButton-SWIFTTests.xctest */,
			);
			name = Products;
			sourceTree = "<group>";
		};
		483B53C21978D8BE00D615AC /* JKTCustomShapedButton-SWIFT */ = {
			isa = PBXGroup;
			children = (
				483B53C51978D8BE00D615AC /* AppDelegate.swift */,
				483B53C71978D8BE00D615AC /* ViewController.swift */,
				483B53C91978D8BE00D615AC /* Main.storyboard */,
				483B53CC1978D8BE00D615AC /* Images.xcassets */,
				483B53E21978D8F100D615AC /* image.png */,
				483B53C31978D8BE00D615AC /* Supporting Files */,
				483B53E41978DA5100D615AC /* JKTCustomShapedButtonSwift.swift */,
				484F26041979027A0057DD37 /* UIImage+AlphaCheck.swift */,
			);
			path = "JKTCustomShapedButton-SWIFT";
			sourceTree = "<group>";
		};
		483B53C31978D8BE00D615AC /* Supporting Files */ = {
			isa = PBXGroup;
			children = (
				483B53C41978D8BE00D615AC /* Info.plist */,
			);
			name = "Supporting Files";
			sourceTree = "<group>";
		};
		483B53D51978D8BE00D615AC /* JKTCustomShapedButton-SWIFTTests */ = {
			isa = PBXGroup;
			children = (
				483B53D81978D8BE00D615AC /* JKTCustomShapedButton_SWIFTTests.swift */,
				483B53D61978D8BE00D615AC /* Supporting Files */,
			);
			path = "JKTCustomShapedButton-SWIFTTests";
			sourceTree = "<group>";
		};
		483B53D61978D8BE00D615AC /* Supporting Files */ = {
			isa = PBXGroup;
			children = (
				483B53D71978D8BE00D615AC /* Info.plist */,
			);
			name = "Supporting Files";
			sourceTree = "<group>";
		};
/* End PBXGroup section */

/* Begin PBXNativeTarget section */
		483B53BF1978D8BE00D615AC /* JKTCustomShapedButton-SWIFT */ = {
			isa = PBXNativeTarget;
			buildConfigurationList = 483B53DC1978D8BE00D615AC /* Build configuration list for PBXNativeTarget "JKTCustomShapedButton-SWIFT" */;
			buildPhases = (
				483B53BC1978D8BE00D615AC /* Sources */,
				483B53BD1978D8BE00D615AC /* Frameworks */,
				483B53BE1978D8BE00D615AC /* Resources */,
			);
			buildRules = (
			);
			dependencies = (
			);
			name = "JKTCustomShapedButton-SWIFT";
			productName = "JKTCustomShapedButton-SWIFT";
			productReference = 483B53C01978D8BE00D615AC /* JKTCustomShapedButton-SWIFT.app */;
			productType = "com.apple.product-type.application";
		};
		483B53D11978D8BE00D615AC /* JKTCustomShapedButton-SWIFTTests */ = {
			isa = PBXNativeTarget;
			buildConfigurationList = 483B53DF1978D8BE00D615AC /* Build configuration list for PBXNativeTarget "JKTCustomShapedButton-SWIFTTests" */;
			buildPhases = (
				483B53CE1978D8BE00D615AC /* Sources */,
				483B53CF1978D8BE00D615AC /* Frameworks */,
				483B53D01978D8BE00D615AC /* Resources */,
			);
			buildRules = (
			);
			dependencies = (
				483B53D41978D8BE00D615AC /* PBXTargetDependency */,
			);
			name = "JKTCustomShapedButton-SWIFTTests";
			productName = "JKTCustomShapedButton-SWIFTTests";
			productReference = 483B53D21978D8BE00D615AC /* JKTCustomShapedButton-SWIFTTests.xctest */;
			productType = "com.apple.product-type.bundle.unit-test";
		};
/* End PBXNativeTarget section */

/* Begin PBXProject section */
		483B53B81978D8BE00D615AC /* Project object */ = {
			isa = PBXProject;
			attributes = {
				LastUpgradeCheck = 0600;
				ORGANIZATIONNAME = JKT;
				TargetAttributes = {
					483B53BF1978D8BE00D615AC = {
						CreatedOnToolsVersion = 6.0;
					};
					483B53D11978D8BE00D615AC = {
						CreatedOnToolsVersion = 6.0;
						TestTargetID = 483B53BF1978D8BE00D615AC;
					};
				};
			};
			buildConfigurationList = 483B53BB1978D8BE00D615AC /* Build configuration list for PBXProject "JKTCustomShapedButton-SWIFT" */;
			compatibilityVersion = "Xcode 3.2";
			developmentRegion = English;
			hasScannedForEncodings = 0;
			knownRegions = (
				en,
				Base,
			);
			mainGroup = 483B53B71978D8BE00D615AC;
			productRefGroup = 483B53C11978D8BE00D615AC /* Products */;
			projectDirPath = "";
			projectRoot = "";
			targets = (
				483B53BF1978D8BE00D615AC /* JKTCustomShapedButton-SWIFT */,
				483B53D11978D8BE00D615AC /* JKTCustomShapedButton-SWIFTTests */,
			);
		};
/* End PBXProject section */

/* Begin PBXResourcesBuildPhase section */
		483B53BE1978D8BE00D615AC /* Resources */ = {
			isa = PBXResourcesBuildPhase;
			buildActionMask = 2147483647;
			files = (
				483B53CB1978D8BE00D615AC /* Main.storyboard in Resources */,
				483B53CD1978D8BE00D615AC /* Images.xcassets in Resources */,
				483B53E31978D8F100D615AC /* image.png in Resources */,
			);
			runOnlyForDeploymentPostprocessing = 0;
		};
		483B53D01978D8BE00D615AC /* Resources */ = {
			isa = PBXResourcesBuildPhase;
			buildActionMask = 2147483647;
			files = (
			);
			runOnlyForDeploymentPostprocessing = 0;
		};
/* End PBXResourcesBuildPhase section */

/* Begin PBXSourcesBuildPhase section */
		483B53BC1978D8BE00D615AC /* Sources */ = {
			isa = PBXSourcesBuildPhase;
			buildActionMask = 2147483647;
			files = (
				483B53C81978D8BE00D615AC /* ViewController.swift in Sources */,
				483B53E51978DA5100D615AC /* JKTCustomShapedButtonSwift.swift in Sources */,
				483B53C61978D8BE00D615AC /* AppDelegate.swift in Sources */,
				484F26051979027A0057DD37 /* UIImage+AlphaCheck.swift in Sources */,
			);
			runOnlyForDeploymentPostprocessing = 0;
		};
		483B53CE1978D8BE00D615AC /* Sources */ = {
			isa = PBXSourcesBuildPhase;
			buildActionMask = 2147483647;
			files = (
				483B53D91978D8BE00D615AC /* JKTCustomShapedButton_SWIFTTests.swift in Sources */,
			);
			runOnlyForDeploymentPostprocessing = 0;
		};
/* End PBXSourcesBuildPhase section */

/* Begin PBXTargetDependency section */
		483B53D41978D8BE00D615AC /* PBXTargetDependency */ = {
			isa = PBXTargetDependency;
			target = 483B53BF1978D8BE00D615AC /* JKTCustomShapedButton-SWIFT */;
			targetProxy = 483B53D31978D8BE00D615AC /* PBXContainerItemProxy */;
		};
/* End PBXTargetDependency section */

/* Begin PBXVariantGroup section */
		483B53C91978D8BE00D615AC /* Main.storyboard */ = {
			isa = PBXVariantGroup;
			children = (
				483B53CA1978D8BE00D615AC /* Base */,
			);
			name = Main.storyboard;
			sourceTree = "<group>";
		};
/* End PBXVariantGroup section */

/* Begin XCBuildConfiguration section */
		483B53DA1978D8BE00D615AC /* Debug */ = {
			isa = XCBuildConfiguration;
			buildSettings = {
				ALWAYS_SEARCH_USER_PATHS = NO;
				CLANG_CXX_LANGUAGE_STANDARD = "gnu++0x";
				CLANG_CXX_LIBRARY = "libc++";
				CLANG_ENABLE_MODULES = YES;
				CLANG_ENABLE_OBJC_ARC = YES;
				CLANG_WARN_BOOL_CONVERSION = YES;
				CLANG_WARN_CONSTANT_CONVERSION = YES;
				CLANG_WARN_DIRECT_OBJC_ISA_USAGE = YES_ERROR;
				CLANG_WARN_EMPTY_BODY = YES;
				CLANG_WARN_ENUM_CONVERSION = YES;
				CLANG_WARN_INT_CONVERSION = YES;
				CLANG_WARN_OBJC_ROOT_CLASS = YES_ERROR;
				CLANG_WARN_UNREACHABLE_CODE = YES;
				CLANG_WARN__DUPLICATE_METHOD_MATCH = YES;
				"CODE_SIGN_IDENTITY[sdk=iphoneos*]" = "iPhone Developer";
				COPY_PHASE_STRIP = NO;
				ENABLE_STRICT_OBJC_MSGSEND = YES;
				GCC_C_LANGUAGE_STANDARD = gnu99;
				GCC_DYNAMIC_NO_PIC = NO;
				GCC_OPTIMIZATION_LEVEL = 0;
				GCC_PREPROCESSOR_DEFINITIONS = (
					"DEBUG=1",
					"$(inherited)",
				);
				GCC_SYMBOLS_PRIVATE_EXTERN = NO;
				GCC_WARN_64_TO_32_BIT_CONVERSION = YES;
				GCC_WARN_ABOUT_RETURN_TYPE = YES_ERROR;
				GCC_WARN_UNDECLARED_SELECTOR = YES;
				GCC_WARN_UNINITIALIZED_AUTOS = YES_AGGRESSIVE;
				GCC_WARN_UNUSED_FUNCTION = YES;
				GCC_WARN_UNUSED_VARIABLE = YES;
				IPHONEOS_DEPLOYMENT_TARGET = 8.0;
				METAL_ENABLE_DEBUG_INFO = YES;
				ONLY_ACTIVE_ARCH = YES;
				SDKROOT = iphoneos;
				SWIFT_OPTIMIZATION_LEVEL = "-Onone";
			};
			name = Debug;
		};
		483B53DB1978D8BE00D615AC /* Release */ = {
			isa = XCBuildConfiguration;
			buildSettings = {
				ALWAYS_SEARCH_USER_PATHS = NO;
				CLANG_CXX_LANGUAGE_STANDARD = "gnu++0x";
				CLANG_CXX_LIBRARY = "libc++";
				CLANG_ENABLE_MODULES = YES;
				CLANG_ENABLE_OBJC_ARC = YES;
				CLANG_WARN_BOOL_CONVERSION = YES;
				CLANG_WARN_CONSTANT_CONVERSION = YES;
				CLANG_WARN_DIRECT_OBJC_ISA_USAGE = YES_ERROR;
				CLANG_WARN_EMPTY_BODY = YES;
				CLANG_WARN_ENUM_CONVERSION = YES;
				CLANG_WARN_INT_CONVERSION = YES;
				CLANG_WARN_OBJC_ROOT_CLASS = YES_ERROR;
				CLANG_WARN_UNREACHABLE_CODE = YES;
				CLANG_WARN__DUPLICATE_METHOD_MATCH = YES;
				"CODE_SIGN_IDENTITY[sdk=iphoneos*]" = "iPhone Developer";
				COPY_PHASE_STRIP = YES;
				ENABLE_NS_ASSERTIONS = NO;
				ENABLE_STRICT_OBJC_MSGSEND = YES;
				GCC_C_LANGUAGE_STANDARD = gnu99;
				GCC_WARN_64_TO_32_BIT_CONVERSION = YES;
				GCC_WARN_ABOUT_RETURN_TYPE = YES_ERROR;
				GCC_WARN_UNDECLARED_SELECTOR = YES;
				GCC_WARN_UNINITIALIZED_AUTOS = YES_AGGRESSIVE;
				GCC_WARN_UNUSED_FUNCTION = YES;
				GCC_WARN_UNUSED_VARIABLE = YES;
				IPHONEOS_DEPLOYMENT_TARGET = 8.0;
				METAL_ENABLE_DEBUG_INFO = NO;
				SDKROOT = iphoneos;
				VALIDATE_PRODUCT = YES;
			};
			name = Release;
		};
		483B53DD1978D8BE00D615AC /* Debug */ = {
			isa = XCBuildConfiguration;
			buildSettings = {
				ASSETCATALOG_COMPILER_APPICON_NAME = AppIcon;
				ASSETCATALOG_COMPILER_LAUNCHIMAGE_NAME = LaunchImage;
				INFOPLIST_FILE = "JKTCustomShapedButton-SWIFT/Info.plist";
				LD_RUNPATH_SEARCH_PATHS = "$(inherited) @executable_path/Frameworks";
				PRODUCT_NAME = "$(TARGET_NAME)";
			};
			name = Debug;
		};
		483B53DE1978D8BE00D615AC /* Release */ = {
			isa = XCBuildConfiguration;
			buildSettings = {
				ASSETCATALOG_COMPILER_APPICON_NAME = AppIcon;
				ASSETCATALOG_COMPILER_LAUNCHIMAGE_NAME = LaunchImage;
				INFOPLIST_FILE = "JKTCustomShapedButton-SWIFT/Info.plist";
				LD_RUNPATH_SEARCH_PATHS = "$(inherited) @executable_path/Frameworks";
				PRODUCT_NAME = "$(TARGET_NAME)";
			};
			name = Release;
		};
		483B53E01978D8BE00D615AC /* Debug */ = {
			isa = XCBuildConfiguration;
			buildSettings = {
				BUNDLE_LOADER = "$(BUILT_PRODUCTS_DIR)/JKTCustomShapedButton-SWIFT.app/JKTCustomShapedButton-SWIFT";
				FRAMEWORK_SEARCH_PATHS = (
					"$(SDKROOT)/Developer/Library/Frameworks",
					"$(inherited)",
				);
				GCC_PREPROCESSOR_DEFINITIONS = (
					"DEBUG=1",
					"$(inherited)",
				);
				INFOPLIST_FILE = "JKTCustomShapedButton-SWIFTTests/Info.plist";
				LD_RUNPATH_SEARCH_PATHS = "$(inherited) @executable_path/Frameworks @loader_path/Frameworks";
				METAL_ENABLE_DEBUG_INFO = YES;
				PRODUCT_NAME = "$(TARGET_NAME)";
				TEST_HOST = "$(BUNDLE_LOADER)";
			};
			name = Debug;
		};
		483B53E11978D8BE00D615AC /* Release */ = {
			isa = XCBuildConfiguration;
			buildSettings = {
				BUNDLE_LOADER = "$(BUILT_PRODUCTS_DIR)/JKTCustomShapedButton-SWIFT.app/JKTCustomShapedButton-SWIFT";
				FRAMEWORK_SEARCH_PATHS = (
					"$(SDKROOT)/Developer/Library/Frameworks",
					"$(inherited)",
				);
				INFOPLIST_FILE = "JKTCustomShapedButton-SWIFTTests/Info.plist";
				LD_RUNPATH_SEARCH_PATHS = "$(inherited) @executable_path/Frameworks @loader_path/Frameworks";
				METAL_ENABLE_DEBUG_INFO = NO;
				PRODUCT_NAME = "$(TARGET_NAME)";
				TEST_HOST = "$(BUNDLE_LOADER)";
			};
			name = Release;
		};
/* End XCBuildConfiguration section */

/* Begin XCConfigurationList section */
		483B53BB1978D8BE00D615AC /* Build configuration list for PBXProject "JKTCustomShapedButton-SWIFT" */ = {
			isa = XCConfigurationList;
			buildConfigurations = (
				483B53DA1978D8BE00D615AC /* Debug */,
				483B53DB1978D8BE00D615AC /* Release */,
			);
			defaultConfigurationIsVisible = 0;
			defaultConfigurationName = Release;
		};
		483B53DC1978D8BE00D615AC /* Build configuration list for PBXNativeTarget "JKTCustomShapedButton-SWIFT" */ = {
			isa = XCConfigurationList;
			buildConfigurations = (
				483B53DD1978D8BE00D615AC /* Debug */,
				483B53DE1978D8BE00D615AC /* Release */,
			);
			defaultConfigurationIsVisible = 0;
			defaultConfigurationName = Release;
		};
		483B53DF1978D8BE00D615AC /* Build configuration list for PBXNativeTarget "JKTCustomShapedButton-SWIFTTests" */ = {
			isa = XCConfigurationList;
			buildConfigurations = (
				483B53E01978D8BE00D615AC /* Debug */,
				483B53E11978D8BE00D615AC /* Release */,
			);
			defaultConfigurationIsVisible = 0;
			defaultConfigurationName = Release;
		};
/* End XCConfigurationList section */
	};
	rootObject = 483B53B81978D8BE00D615AC /* Project object */;
}
